{
  "pins" : [
    {
      "identity" : "easypurchase",
      "kind" : "remoteSourceControl",
      "location" : "https://github.com/BJIT-RnD/EasyPurchase.git",
      "state" : {
        "branch" : "develop",
        "revision" : "b1c27c7b062b2568c2a7fd9a900cec2dc3810ba7"
      }
    }
  ],
  "version" : 2
}
