{
  "pins" : [
    {
      "identity" : "easypurchase",
      "kind" : "remoteSourceControl",
      "location" : "https://github.com/BJIT-RnD/EasyPurchase.git",
      "state" : {
        "branch" : "develop",
        "revision" : "c3a80c2eb0e340ae6588282bcaa2022b66622d08"
      }
    }
  ],
  "version" : 2
}
